
Microsoft Visual Studio Solution File, Format Version 12.00
# Visual Studio Version 16
VisualStudioVersion = 16.0.31729.503
MinimumVisualStudioVersion = 10.0.40219.1
Project("{FAE04EC0-301F-11D3-BF4B-00C04F79EFBC}") = "WE_Asgn_1", "WE_Asgn_1.csproj", "{3B32161F-7D92-4CDC-A7B1-34FD4E4FD049}"
EndProject
Global
	GlobalSection(SolutionConfigurationPlatforms) = preSolution
		Debug|Any CPU = Debug|Any CPU
		Release|Any CPU = Release|Any CPU
	EndGlobalSection
	GlobalSection(ProjectConfigurationPlatforms) = postSolution
		{3B32161F-7D92-4CDC-A7B1-34FD4E4FD049}.Debug|Any CPU.ActiveCfg = Debug|Any CPU
		{3B32161F-7D92-4CDC-A7B1-34FD4E4FD049}.Debug|Any CPU.Build.0 = Debug|Any CPU
		{3B32161F-7D92-4CDC-A7B1-34FD4E4FD049}.Release|Any CPU.ActiveCfg = Release|Any CPU
		{3B32161F-7D92-4CDC-A7B1-34FD4E4FD049}.Release|Any CPU.Build.0 = Release|Any CPU
	EndGlobalSection
	GlobalSection(SolutionProperties) = preSolution
		HideSolutionNode = FALSE
	EndGlobalSection
	GlobalSection(ExtensibilityGlobals) = postSolution
		SolutionGuid = {1F4E9EDA-A50E-4907-AEF4-E226E8893535}
	EndGlobalSection
EndGlobal
